{
  "nodes": {
    "nixpkgs": {
      "locked": {
        "lastModified": 1785483748,
        "narHash": "sha256-M4HXpLsR7iFTNQfD/q+zK8/QeRYztYVDVIdIgCVGGZ0=",
        "owner": "NixOS",
        "repo": "nixpkgs",
        "rev": "59ea0b1c043c463e39fcb3cfb9a5c8bcf0777c72",
        "type": "github"
      },
      "original": {
        "owner": "NixOS",
        "ref": "nixpkgs-unstable",
        "repo": "nixpkgs",
        "type": "github"
      }
    },
    "root": {
      "inputs": {
        "nixpkgs": "nixpkgs"
      }
    }
  },
  "root": "root",
  "version": 7
}
