{
  "nodes": {
    "nixpkgs": {
      "locked": {
        "lastModified": 1790570722,
        "narHash": "sha256-Avcz96Q+8OkfUIUXipBBVsQn19L622BtKP7mk6M+uls=",
        "owner": "NixOS",
        "repo": "nixpkgs",
        "rev": "419fe0f449b3fbe3bdd53d9840288db4509ec32e",
        "type": "github"
      },
      "original": {
        "owner": "NixOS",
        "ref": "nixpkgs-unstable",
        "repo": "nixpkgs",
        "type": "github"
      }
    },
    "root": {
      "inputs": {
        "nixpkgs": "nixpkgs"
      }
    }
  },
  "root": "root",
  "version": 7
}
